{
  "object": {
    "pins": [
      {
        "package": "Bluetooth",
        "repositoryURL": "https://github.com/DrAma999/Bluetooth.git",
        "state": {
          "branch": "master",
          "revision": "f15e8883382742cc3fe8dfbe8520f361771dcda8",
          "version": null
        }
      },
      {
        "package": "BluetoothLinux",
        "repositoryURL": "https://github.com/DrAma999/BluetoothLinux",
        "state": {
          "branch": "master",
          "revision": "efcd9f6cb5b0877c867b618419ced8210cbb0436",
          "version": null
        }
      },
      {
        "package": "GATT",
        "repositoryURL": "https://github.com/DrAma999/GATT",
        "state": {
          "branch": "master",
          "revision": "fc5473c1be1b13f761663e7523d6208a6d2a8ce8",
          "version": null
        }
      },
      {
        "package": "Runtime",
        "repositoryURL": "https://github.com/wickwirew/Runtime",
        "state": {
          "branch": null,
          "revision": "a848b81e1a0100801f572e5273ffe4352fd54088",
          "version": "2.2.2"
        }
      }
    ]
  },
  "version": 1
}
