{
  "object": {
    "pins": [
      {
        "package": "Bluetooth",
        "repositoryURL": "https://github.com/DrAma999/Bluetooth.git",
        "state": {
          "branch": "master",
          "revision": "09d76a4cbbf241029dee74415db08e8a4b9be30b",
          "version": null
        }
      },
      {
        "package": "BluetoothLinux",
        "repositoryURL": "https://github.com/DrAma999/BluetoothLinux",
        "state": {
          "branch": "master",
          "revision": "71ae2e3f0cc95d89696d24c9d0d9ea5a9d302259",
          "version": null
        }
      },
      {
        "package": "GATT",
        "repositoryURL": "https://github.com/DrAma999/GATT",
        "state": {
          "branch": "master",
          "revision": "bbbe1b7806443bb3bc8f35f62e4fcf9d5dcd0035",
          "version": null
        }
      },
      {
        "package": "Runtime",
        "repositoryURL": "https://github.com/wickwirew/Runtime",
        "state": {
          "branch": null,
          "revision": "a848b81e1a0100801f572e5273ffe4352fd54088",
          "version": "2.2.2"
        }
      }
    ]
  },
  "version": 1
}
